#MicroXplorer Configuration settings - do not modify
CAD.formats=
CAD.pinconfig=
CAD.provider=
CORTEX_M7.AccessPermission_S-Cortex_Memory_Protection_Unit_Region1_Settings_S=MPU_REGION_FULL_ACCESS
CORTEX_M7.AccessPermission_Spec=MPU_REGION_FULL_ACCESS
CORTEX_M7.BaseAddress_S-Cortex_Memory_Protection_Unit_Region1_Settings_S=0x24000000 
CORTEX_M7.BaseAddress_Spec=0x90000000
CORTEX_M7.CPU_DCache=Enabled
CORTEX_M7.CPU_ICache=Enabled
CORTEX_M7.DisableExec_S-Cortex_Memory_Protection_Unit_Region1_Settings_S=MPU_INSTRUCTION_ACCESS_ENABLE
CORTEX_M7.DisableExec_Spec=MPU_INSTRUCTION_ACCESS_ENABLE
CORTEX_M7.Enable_S-Cortex_Memory_Protection_Unit_Region1_Settings_S=MPU_REGION_ENABLE
CORTEX_M7.IPParameters=default_mode_Activation,BaseAddress_Spec,Size_Spec,SubRegionDisable_Spec,AccessPermission_Spec,IsShareable_Spec,IsCacheable_Spec,IsBufferable_Spec,CPU_DCache,CPU_ICache,Enable_S-Cortex_Memory_Protection_Unit_Region1_Settings_S,DisableExec_Spec,TypeExtField_Spec,BaseAddress_S-Cortex_Memory_Protection_Unit_Region1_Settings_S,Size_S-Cortex_Memory_Protection_Unit_Region1_Settings_S,TypeExtField_S-Cortex_Memory_Protection_Unit_Region1_Settings_S,AccessPermission_S-Cortex_Memory_Protection_Unit_Region1_Settings_S,DisableExec_S-Cortex_Memory_Protection_Unit_Region1_Settings_S,IsShareable_S-Cortex_Memory_Protection_Unit_Region1_Settings_S
CORTEX_M7.IsBufferable_Spec=MPU_ACCESS_BUFFERABLE
CORTEX_M7.IsCacheable_Spec=MPU_ACCESS_CACHEABLE
CORTEX_M7.IsShareable_S-Cortex_Memory_Protection_Unit_Region1_Settings_S=MPU_ACCESS_SHAREABLE
CORTEX_M7.IsShareable_Spec=MPU_ACCESS_NOT_SHAREABLE
CORTEX_M7.Size_S-Cortex_Memory_Protection_Unit_Region1_Settings_S=MPU_REGION_SIZE_512KB
CORTEX_M7.Size_Spec=MPU_REGION_SIZE_16MB
CORTEX_M7.SubRegionDisable_Spec=0x0
CORTEX_M7.TypeExtField_S-Cortex_Memory_Protection_Unit_Region1_Settings_S=MPU_TEX_LEVEL1
CORTEX_M7.TypeExtField_Spec=MPU_TEX_LEVEL1
CORTEX_M7.default_mode_Activation=1
Dma.Request0=SAI1_B
Dma.Request1=SAI1_A
Dma.RequestsNb=2
Dma.SAI1_A.1.Direction=DMA_MEMORY_TO_PERIPH
Dma.SAI1_A.1.EventEnable=DISABLE
Dma.SAI1_A.1.FIFOMode=DMA_FIFOMODE_DISABLE
Dma.SAI1_A.1.Instance=DMA1_Stream1
Dma.SAI1_A.1.MemDataAlignment=DMA_MDATAALIGN_WORD
Dma.SAI1_A.1.MemInc=DMA_MINC_ENABLE
Dma.SAI1_A.1.Mode=DMA_CIRCULAR
Dma.SAI1_A.1.PeriphDataAlignment=DMA_PDATAALIGN_WORD
Dma.SAI1_A.1.PeriphInc=DMA_PINC_DISABLE
Dma.SAI1_A.1.Polarity=HAL_DMAMUX_REQ_GEN_RISING
Dma.SAI1_A.1.Priority=DMA_PRIORITY_VERY_HIGH
Dma.SAI1_A.1.RequestNumber=1
Dma.SAI1_A.1.RequestParameters=Instance,Direction,PeriphInc,MemInc,PeriphDataAlignment,MemDataAlignment,Mode,Priority,FIFOMode,SignalID,Polarity,RequestNumber,SyncSignalID,SyncPolarity,SyncEnable,EventEnable,SyncRequestNumber
Dma.SAI1_A.1.SignalID=NONE
Dma.SAI1_A.1.SyncEnable=DISABLE
Dma.SAI1_A.1.SyncPolarity=HAL_DMAMUX_SYNC_NO_EVENT
Dma.SAI1_A.1.SyncRequestNumber=1
Dma.SAI1_A.1.SyncSignalID=NONE
Dma.SAI1_B.0.Direction=DMA_PERIPH_TO_MEMORY
Dma.SAI1_B.0.EventEnable=DISABLE
Dma.SAI1_B.0.FIFOMode=DMA_FIFOMODE_DISABLE
Dma.SAI1_B.0.Instance=DMA1_Stream0
Dma.SAI1_B.0.MemDataAlignment=DMA_MDATAALIGN_WORD
Dma.SAI1_B.0.MemInc=DMA_MINC_ENABLE
Dma.SAI1_B.0.Mode=DMA_CIRCULAR
Dma.SAI1_B.0.PeriphDataAlignment=DMA_PDATAALIGN_WORD
Dma.SAI1_B.0.PeriphInc=DMA_PINC_DISABLE
Dma.SAI1_B.0.Polarity=HAL_DMAMUX_REQ_GEN_RISING
Dma.SAI1_B.0.Priority=DMA_PRIORITY_VERY_HIGH
Dma.SAI1_B.0.RequestNumber=1
Dma.SAI1_B.0.RequestParameters=Instance,Direction,PeriphInc,MemInc,PeriphDataAlignment,MemDataAlignment,Mode,Priority,FIFOMode,SignalID,Polarity,RequestNumber,SyncSignalID,SyncPolarity,SyncEnable,EventEnable,SyncRequestNumber
Dma.SAI1_B.0.SignalID=NONE
Dma.SAI1_B.0.SyncEnable=DISABLE
Dma.SAI1_B.0.SyncPolarity=HAL_DMAMUX_SYNC_NO_EVENT
Dma.SAI1_B.0.SyncRequestNumber=1
Dma.SAI1_B.0.SyncSignalID=NONE
FMC.CASLatency1=FMC_SDRAM_CAS_LATENCY_2
FMC.ColumnBitsNumber1=FMC_SDRAM_COLUMN_BITS_NUM_9
FMC.ExitSelfRefreshDelay1=8
FMC.IPParameters=ColumnBitsNumber1,CASLatency1,SDClockPeriod1,SDClockPeriod2,ReadBurst1,ReadBurst2,ReadPipeDelay1,ExitSelfRefreshDelay1,RCDDelay1,RPDelay1,RPDelay2,RowCycleDelay1,RowCycleDelay2,LoadToActiveDelay1,SelfRefreshTime1,WriteRecoveryTime1,ReadPipeDelay2
FMC.LoadToActiveDelay1=2
FMC.RCDDelay1=2
FMC.RPDelay1=2
FMC.RPDelay2=2
FMC.ReadBurst1=FMC_SDRAM_RBURST_ENABLE
FMC.ReadBurst2=FMC_SDRAM_RBURST_ENABLE
FMC.ReadPipeDelay1=FMC_SDRAM_RPIPE_DELAY_2
FMC.ReadPipeDelay2=FMC_SDRAM_RPIPE_DELAY_2
FMC.RowCycleDelay1=6
FMC.RowCycleDelay2=6
FMC.SDClockPeriod1=FMC_SDRAM_CLOCK_PERIOD_2
FMC.SDClockPeriod2=FMC_SDRAM_CLOCK_PERIOD_2
FMC.SelfRefreshTime1=5
FMC.WriteRecoveryTime1=3
File.Version=6
GPIO.groupedBy=Group By Peripherals
I2C4.I2C_Speed_Mode=I2C_Standard
I2C4.IPParameters=I2C_Speed_Mode,Speed,Timing
I2C4.Speed=100
I2C4.Timing=0x307075B1
KeepUserPlacement=false
MMTAppRegionsCount=0
MMTConfigApplied=false
MMTSectionSuffix=
Mcu.CPN=STM32H750ZBT6
Mcu.Family=STM32H7
Mcu.IP0=CORTEX_M7
Mcu.IP1=DEBUG
Mcu.IP10=SYS
Mcu.IP11=USB_DEVICE
Mcu.IP12=USB_OTG_HS
Mcu.IP2=DMA
Mcu.IP3=FMC
Mcu.IP4=I2C4
Mcu.IP5=MEMORYMAP
Mcu.IP6=NVIC
Mcu.IP7=QUADSPI
Mcu.IP8=RCC
Mcu.IP9=SAI1
Mcu.IPNb=13
Mcu.Name=STM32H750ZBTx
Mcu.Package=LQFP144
Mcu.Pin0=PE2
Mcu.Pin1=PE3
Mcu.Pin10=PF5
Mcu.Pin11=PF6
Mcu.Pin12=PF7
Mcu.Pin13=PF8
Mcu.Pin14=PF9
Mcu.Pin15=PF10
Mcu.Pin16=PH0-OSC_IN (PH0)
Mcu.Pin17=PC0
Mcu.Pin18=PC2_C
Mcu.Pin19=PC3_C
Mcu.Pin2=PE4
Mcu.Pin20=PA3
Mcu.Pin21=PA5
Mcu.Pin22=PA7
Mcu.Pin23=PC4
Mcu.Pin24=PC5
Mcu.Pin25=PB0
Mcu.Pin26=PB1
Mcu.Pin27=PF11
Mcu.Pin28=PF12
Mcu.Pin29=PF13
Mcu.Pin3=PE5
Mcu.Pin30=PF14
Mcu.Pin31=PF15
Mcu.Pin32=PG0
Mcu.Pin33=PG1
Mcu.Pin34=PE7
Mcu.Pin35=PE8
Mcu.Pin36=PE9
Mcu.Pin37=PE10
Mcu.Pin38=PE11
Mcu.Pin39=PE12
Mcu.Pin4=PE6
Mcu.Pin40=PE13
Mcu.Pin41=PE14
Mcu.Pin42=PE15
Mcu.Pin43=PB10
Mcu.Pin44=PB11
Mcu.Pin45=PB12
Mcu.Pin46=PB13
Mcu.Pin47=PD8
Mcu.Pin48=PD9
Mcu.Pin49=PD10
Mcu.Pin5=PF0
Mcu.Pin50=PD14
Mcu.Pin51=PD15
Mcu.Pin52=PG2
Mcu.Pin53=PG4
Mcu.Pin54=PG5
Mcu.Pin55=PG6
Mcu.Pin56=PG7
Mcu.Pin57=PG8
Mcu.Pin58=PC6
Mcu.Pin59=PC7
Mcu.Pin6=PF1
Mcu.Pin60=PC8
Mcu.Pin61=PC9
Mcu.Pin62=PA8
Mcu.Pin63=PA9
Mcu.Pin64=PA10
Mcu.Pin65=PA11
Mcu.Pin66=PA12
Mcu.Pin67=PA13 (JTMS/SWDIO)
Mcu.Pin68=PA14 (JTCK/SWCLK)
Mcu.Pin69=PA15 (JTDI)
Mcu.Pin7=PF2
Mcu.Pin70=PC10
Mcu.Pin71=PC11
Mcu.Pin72=PC12
Mcu.Pin73=PD0
Mcu.Pin74=PD1
Mcu.Pin75=PD3
Mcu.Pin76=PD4
Mcu.Pin77=PG15
Mcu.Pin78=PB3 (JTDO/TRACESWO)
Mcu.Pin79=PB5
Mcu.Pin8=PF3
Mcu.Pin80=PB7
Mcu.Pin81=PB8
Mcu.Pin82=PB9
Mcu.Pin83=PE0
Mcu.Pin84=PE1
Mcu.Pin85=VP_SAI1_VP_$IpInstance_SAIA_SAI_BASIC
Mcu.Pin86=VP_SAI1_VP_$IpInstance_SAIB_SAI_BASIC
Mcu.Pin87=VP_SYS_VS_Systick
Mcu.Pin88=VP_USB_DEVICE_VS_USB_DEVICE_MSC_HS
Mcu.Pin89=VP_MEMORYMAP_VS_MEMORYMAP
Mcu.Pin9=PF4
Mcu.PinsNb=90
Mcu.ThirdPartyNb=0
Mcu.UserConstants=
Mcu.UserName=STM32H750ZBTx
MxCube.Version=6.17.0
MxDb.Version=DB.6.0.170
NVIC.BusFault_IRQn=true\:0\:0\:false\:false\:true\:false\:false\:false
NVIC.DMA1_Stream0_IRQn=true\:0\:0\:false\:false\:true\:false\:true\:true
NVIC.DMA1_Stream1_IRQn=true\:0\:0\:false\:false\:true\:false\:true\:true
NVIC.DebugMonitor_IRQn=true\:0\:0\:false\:false\:true\:false\:false\:false
NVIC.ForceEnableDMAVector=true
NVIC.HardFault_IRQn=true\:0\:0\:false\:false\:true\:false\:false\:false
NVIC.MemoryManagement_IRQn=true\:0\:0\:false\:false\:true\:false\:false\:false
NVIC.NonMaskableInt_IRQn=true\:0\:0\:false\:false\:true\:false\:false\:false
NVIC.OTG_HS_EP1_IN_IRQn=true\:0\:0\:false\:false\:true\:true\:true\:true
NVIC.OTG_HS_EP1_OUT_IRQn=true\:0\:0\:false\:false\:true\:true\:true\:true
NVIC.OTG_HS_IRQn=true\:0\:0\:false\:false\:true\:false\:true\:true
NVIC.PendSV_IRQn=true\:0\:0\:false\:false\:true\:false\:false\:false
NVIC.PriorityGroup=NVIC_PRIORITYGROUP_4
NVIC.SVCall_IRQn=true\:0\:0\:false\:false\:true\:false\:false\:false
NVIC.SysTick_IRQn=true\:15\:0\:false\:false\:true\:false\:true\:false
NVIC.UsageFault_IRQn=true\:0\:0\:false\:false\:true\:false\:false\:false
PA10.GPIOParameters=GPIO_Label
PA10.GPIO_Label=GPIO_IN4
PA10.Locked=true
PA10.Signal=GPIO_Analog
PA11.GPIOParameters=GPIO_Label
PA11.GPIO_Label=GPIO_IN3
PA11.Locked=true
PA11.Signal=GPIO_Analog
PA12.GPIOParameters=GPIO_Label
PA12.GPIO_Label=GPIO_IN2
PA12.Locked=true
PA12.Signal=GPIO_Analog
PA13\ (JTMS/SWDIO).Mode=Trace_Asynchronous_SW
PA13\ (JTMS/SWDIO).Signal=DEBUG_JTMS-SWDIO
PA14\ (JTCK/SWCLK).Mode=Trace_Asynchronous_SW
PA14\ (JTCK/SWCLK).Signal=DEBUG_JTCK-SWCLK
PA15\ (JTDI).GPIOParameters=GPIO_Label
PA15\ (JTDI).GPIO_Label=GPIO_IN1
PA15\ (JTDI).Locked=true
PA15\ (JTDI).Signal=GPIO_Analog
PA3.Mode=Device_HS
PA3.Signal=USB_OTG_HS_ULPI_D0
PA5.Mode=Device_HS
PA5.Signal=USB_OTG_HS_ULPI_CK
PA7.Signal=FMC_SDNWE
PA8.GPIOParameters=GPIO_Label
PA8.GPIO_Label=GPIO_IN6
PA8.Locked=true
PA8.Signal=GPIO_Analog
PA9.GPIOParameters=GPIO_Label
PA9.GPIO_Label=GPIO_IN5
PA9.Locked=true
PA9.Signal=GPIO_Analog
PB0.Mode=Device_HS
PB0.Signal=USB_OTG_HS_ULPI_D1
PB1.Mode=Device_HS
PB1.Signal=USB_OTG_HS_ULPI_D2
PB10.Mode=Device_HS
PB10.Signal=USB_OTG_HS_ULPI_D3
PB11.Mode=Device_HS
PB11.Signal=USB_OTG_HS_ULPI_D4
PB12.Mode=Device_HS
PB12.Signal=USB_OTG_HS_ULPI_D5
PB13.Mode=Device_HS
PB13.Signal=USB_OTG_HS_ULPI_D6
PB3\ (JTDO/TRACESWO).Mode=Trace_Asynchronous_SW
PB3\ (JTDO/TRACESWO).Signal=DEBUG_JTDO-SWO
PB5.Mode=Device_HS
PB5.Signal=USB_OTG_HS_ULPI_D7
PB7.GPIOParameters=GPIO_Label
PB7.GPIO_Label=CS4272_NRST
PB7.Locked=true
PB7.Signal=GPIO_Output
PB8.Locked=true
PB8.Mode=I2C
PB8.Signal=I2C4_SCL
PB9.Locked=true
PB9.Mode=I2C
PB9.Signal=I2C4_SDA
PC0.Mode=Device_HS
PC0.Signal=USB_OTG_HS_ULPI_STP
PC10.GPIOParameters=GPIO_Label
PC10.GPIO_Label=GPIO_OUT3
PC10.Locked=true
PC10.Signal=GPIO_Output
PC11.GPIOParameters=GPIO_Label
PC11.GPIO_Label=GPIO_OUT2
PC11.Locked=true
PC11.Signal=GPIO_Output
PC12.GPIOParameters=GPIO_Label
PC12.GPIO_Label=GPIO_OUT1
PC12.Locked=true
PC12.Signal=GPIO_Output
PC2_C.Mode=Device_HS
PC2_C.Signal=USB_OTG_HS_ULPI_DIR
PC3_C.Mode=Device_HS
PC3_C.Signal=USB_OTG_HS_ULPI_NXT
PC4.Mode=SdramChipSelect1_1
PC4.Signal=FMC_SDNE0
PC5.Mode=SdramChipSelect1_1
PC5.Signal=FMC_SDCKE0
PC6.GPIOParameters=GPIO_Label
PC6.GPIO_Label=GPIO_OUT7
PC6.Locked=true
PC6.Signal=GPIO_Output
PC7.GPIOParameters=GPIO_Label
PC7.GPIO_Label=GPIO_OUT6
PC7.Locked=true
PC7.Signal=GPIO_Output
PC8.GPIOParameters=GPIO_Label
PC8.GPIO_Label=GPIO_IN8
PC8.Locked=true
PC8.Signal=GPIO_Analog
PC9.GPIOParameters=GPIO_Label
PC9.GPIO_Label=GPIO_IN7
PC9.Locked=true
PC9.Signal=GPIO_Analog
PD0.Signal=FMC_D2_DA2
PD1.Signal=FMC_D3_DA3
PD10.Signal=FMC_D15_DA15
PD14.Signal=FMC_D0_DA0
PD15.Signal=FMC_D1_DA1
PD3.GPIOParameters=GPIO_Label
PD3.GPIO_Label=GPIO_OUT4
PD3.Locked=true
PD3.Signal=GPIO_Output
PD4.GPIOParameters=GPIO_Label
PD4.GPIO_Label=GPIO_OUT5
PD4.Locked=true
PD4.Signal=GPIO_Output
PD8.Signal=FMC_D13_DA13
PD9.Signal=FMC_D14_DA14
PE0.Signal=FMC_NBL0
PE1.Signal=FMC_NBL1
PE10.Signal=FMC_D7_DA7
PE11.Signal=FMC_D8_DA8
PE12.Signal=FMC_D9_DA9
PE13.Signal=FMC_D10_DA10
PE14.Signal=FMC_D11_DA11
PE15.Signal=FMC_D12_DA12
PE2.GPIOParameters=GPIO_Speed,GPIO_Mode
PE2.GPIO_Mode=GPIO_MODE_AF_PP
PE2.GPIO_Speed=GPIO_SPEED_FREQ_VERY_HIGH
PE2.Mode=SAI_A_MasterWithClock
PE2.Signal=SAI1_MCLK_A
PE3.GPIOParameters=GPIO_Speed,GPIO_Mode
PE3.GPIO_Mode=GPIO_MODE_AF_PP
PE3.GPIO_Speed=GPIO_SPEED_FREQ_VERY_HIGH
PE3.Mode=SAI_B_SyncSlave
PE3.Signal=SAI1_SD_B
PE4.GPIOParameters=GPIO_Speed,GPIO_Mode
PE4.GPIO_Mode=GPIO_MODE_AF_PP
PE4.GPIO_Speed=GPIO_SPEED_FREQ_VERY_HIGH
PE4.Mode=SAI_A_MasterWithClock
PE4.Signal=SAI1_FS_A
PE5.GPIOParameters=GPIO_Speed,GPIO_Mode
PE5.GPIO_Mode=GPIO_MODE_AF_PP
PE5.GPIO_Speed=GPIO_SPEED_FREQ_VERY_HIGH
PE5.Mode=SAI_A_MasterWithClock
PE5.Signal=SAI1_SCK_A
PE6.GPIOParameters=GPIO_Speed,GPIO_Mode
PE6.GPIO_Mode=GPIO_MODE_AF_PP
PE6.GPIO_Speed=GPIO_SPEED_FREQ_VERY_HIGH
PE6.Mode=SAI_A_MasterWithClock
PE6.Signal=SAI1_SD_A
PE7.Signal=FMC_D4_DA4
PE8.Signal=FMC_D5_DA5
PE9.Signal=FMC_D6_DA6
PF0.Signal=FMC_A0
PF1.Signal=FMC_A1
PF10.GPIOParameters=GPIO_Speed
PF10.GPIO_Speed=GPIO_SPEED_FREQ_VERY_HIGH
PF10.Mode=Single Bank 1
PF10.Signal=QUADSPI_CLK
PF11.Signal=FMC_SDNRAS
PF12.Signal=FMC_A6
PF13.Signal=FMC_A7
PF14.Signal=FMC_A8
PF15.Signal=FMC_A9
PF2.Signal=FMC_A2
PF3.Signal=FMC_A3
PF4.Signal=FMC_A4
PF5.Signal=FMC_A5
PF6.GPIOParameters=GPIO_Speed
PF6.GPIO_Speed=GPIO_SPEED_FREQ_VERY_HIGH
PF6.Mode=Single Bank 1
PF6.Signal=QUADSPI_BK1_IO3
PF7.GPIOParameters=GPIO_Speed
PF7.GPIO_Speed=GPIO_SPEED_FREQ_VERY_HIGH
PF7.Mode=Single Bank 1
PF7.Signal=QUADSPI_BK1_IO2
PF8.GPIOParameters=GPIO_Speed
PF8.GPIO_Speed=GPIO_SPEED_FREQ_VERY_HIGH
PF8.Mode=Single Bank 1
PF8.Signal=QUADSPI_BK1_IO0
PF9.GPIOParameters=GPIO_Speed
PF9.GPIO_Speed=GPIO_SPEED_FREQ_VERY_HIGH
PF9.Mode=Single Bank 1
PF9.Signal=QUADSPI_BK1_IO1
PG0.Signal=FMC_A10
PG1.Signal=FMC_A11
PG15.Signal=FMC_SDNCAS
PG2.Signal=FMC_A12
PG4.Signal=FMC_A14_BA0
PG5.Signal=FMC_A15_BA1
PG6.GPIOParameters=GPIO_Speed
PG6.GPIO_Speed=GPIO_SPEED_FREQ_VERY_HIGH
PG6.Mode=Single Bank 1
PG6.Signal=QUADSPI_BK1_NCS
PG7.GPIOParameters=GPIO_Label
PG7.GPIO_Label=GPIO_OUT8
PG7.Locked=true
PG7.Signal=GPIO_Output
PG8.Signal=FMC_SDCLK
PH0-OSC_IN\ (PH0).Mode=HSE-External-Clock-Source
PH0-OSC_IN\ (PH0).Signal=RCC_OSC_IN
PinOutPanel.RotationAngle=0
ProjectManager.AskForMigrate=true
ProjectManager.BackupPrevious=false
ProjectManager.CompilerLinker=GCC
ProjectManager.CompilerOptimize=6
ProjectManager.ComputerToolchain=false
ProjectManager.CoupleFile=true
ProjectManager.CustomerFirmwarePackage=
ProjectManager.DefaultFWLocation=true
ProjectManager.DeletePrevious=true
ProjectManager.DeviceId=STM32H750ZBTx
ProjectManager.FirmwarePackage=STM32Cube FW_H7 V1.13.0
ProjectManager.FreePins=false
ProjectManager.FreePinsContext=
ProjectManager.HalAssertFull=false
ProjectManager.HeapSize=0x200
ProjectManager.KeepUserCode=true
ProjectManager.LastFirmware=true
ProjectManager.LibraryCopy=1
ProjectManager.MainLocation=Core/Src
ProjectManager.NoMain=false
ProjectManager.PreviousToolchain=STM32CubeIDE
ProjectManager.ProjectBuild=false
ProjectManager.ProjectFileName=audio.ioc
ProjectManager.ProjectName=audio
ProjectManager.ProjectStructure=
ProjectManager.RegisterCallBack=
ProjectManager.StackSize=0x400
ProjectManager.TargetToolchain=STM32CubeIDE
ProjectManager.ToolChainLocation=
ProjectManager.UAScriptAfterPath=
ProjectManager.UAScriptBeforePath=
ProjectManager.UnderRoot=true
ProjectManager.functionlistsort=1-SystemClock_Config-RCC-false-HAL-false,2-MX_GPIO_Init-GPIO-false-HAL-true,3-MX_DMA_Init-DMA-false-HAL-true,4-MX_FMC_Init-FMC-false-HAL-true,5-MX_I2C4_Init-I2C4-false-HAL-true,6-MX_SAI1_Init-SAI1-false-HAL-true,7-MX_USB_DEVICE_Init-USB_DEVICE-false-HAL-false,8-MX_QUADSPI_Init-QUADSPI-false-HAL-true,0-MX_CORTEX_M7_Init-CORTEX_M7-false-HAL-true
QUADSPI.ChipSelectHighTime=QSPI_CS_HIGH_TIME_2_CYCLE
QUADSPI.ClockPrescaler=2
QUADSPI.FifoThreshold=4
QUADSPI.FlashSize=23
QUADSPI.IPParameters=ClockPrescaler,FifoThreshold,SampleShifting,FlashSize,ChipSelectHighTime
QUADSPI.SampleShifting=QSPI_SAMPLE_SHIFTING_HALFCYCLE
RCC.ADCFreq_Value=100000000
RCC.AHB12Freq_Value=240000000
RCC.AHB4Freq_Value=240000000
RCC.APB1Freq_Value=120000000
RCC.APB2Freq_Value=120000000
RCC.APB3Freq_Value=120000000
RCC.APB4Freq_Value=120000000
RCC.AXIClockFreq_Value=240000000
RCC.CECFreq_Value=32000
RCC.CKPERFreq_Value=64000000
RCC.CortexFreq_Value=480000000
RCC.CpuClockFreq_Value=480000000
RCC.D1CPREFreq_Value=480000000
RCC.D1PPRE=RCC_APB3_DIV2
RCC.D2PPRE1=RCC_APB1_DIV2
RCC.D2PPRE2=RCC_APB2_DIV2
RCC.D3PPRE=RCC_APB4_DIV2
RCC.DFSDMACLkFreq_Value=12288024.90234375
RCC.DFSDMFreq_Value=120000000
RCC.DIVM1=5
RCC.DIVM2=2
RCC.DIVM3=5
RCC.DIVN1=192
RCC.DIVN2=16
RCC.DIVN3=49
RCC.DIVP1Freq_Value=480000000
RCC.DIVP2Freq_Value=100000000
RCC.DIVP3=20
RCC.DIVP3Freq_Value=12288024.90234375
RCC.DIVQ1=15
RCC.DIVQ1Freq_Value=64000000
RCC.DIVQ2Freq_Value=100000000
RCC.DIVQ3=5
RCC.DIVQ3Freq_Value=49152099.609375
RCC.DIVR1Freq_Value=480000000
RCC.DIVR2=1
RCC.DIVR2Freq_Value=200000000
RCC.DIVR3=30
RCC.DIVR3Freq_Value=8192016.6015625
RCC.FDCANFreq_Value=64000000
RCC.FMCCLockSelection=RCC_FMCCLKSOURCE_PLL2
RCC.FMCFreq_Value=200000000
RCC.FamilyName=M
RCC.HCLK3ClockFreq_Value=240000000
RCC.HCLKFreq_Value=240000000
RCC.HPRE=RCC_HCLK_DIV2
RCC.HRTIMFreq_Value=240000000
RCC.HSE_VALUE=25000000
RCC.I2C123Freq_Value=120000000
RCC.I2C4Freq_Value=120000000
RCC.IPParameters=ADCFreq_Value,AHB12Freq_Value,AHB4Freq_Value,APB1Freq_Value,APB2Freq_Value,APB3Freq_Value,APB4Freq_Value,AXIClockFreq_Value,CECFreq_Value,CKPERFreq_Value,CortexFreq_Value,CpuClockFreq_Value,D1CPREFreq_Value,D1PPRE,D2PPRE1,D2PPRE2,D3PPRE,DFSDMACLkFreq_Value,DFSDMFreq_Value,DIVM1,DIVM2,DIVM3,DIVN1,DIVN2,DIVN3,DIVP1Freq_Value,DIVP2Freq_Value,DIVP3,DIVP3Freq_Value,DIVQ1,DIVQ1Freq_Value,DIVQ2Freq_Value,DIVQ3,DIVQ3Freq_Value,DIVR1Freq_Value,DIVR2,DIVR2Freq_Value,DIVR3,DIVR3Freq_Value,FDCANFreq_Value,FMCCLockSelection,FMCFreq_Value,FamilyName,HCLK3ClockFreq_Value,HCLKFreq_Value,HPRE,HRTIMFreq_Value,HSE_VALUE,I2C123Freq_Value,I2C4Freq_Value,LPTIM1Freq_Value,LPTIM2Freq_Value,LPTIM345Freq_Value,LPUART1Freq_Value,LTDCFreq_Value,MCO1PinFreq_Value,MCO2PinFreq_Value,PLL2FRACN,PLL3FRACN,PLLFRACN,QSPICLockSelection,QSPIFreq_Value,RNGFreq_Value,RTCFreq_Value,SAI1CLockSelection,SAI1Freq_Value,SAI23Freq_Value,SAI4AFreq_Value,SAI4BFreq_Value,SDMMCFreq_Value,SPDIFRXFreq_Value,SPI123Freq_Value,SPI45Freq_Value,SPI6Freq_Value,SWPMI1Freq_Value,SYSCLKFreq_VALUE,SYSCLKSource,Tim1OutputFreq_Value,Tim2OutputFreq_Value,TraceFreq_Value,USART16Freq_Value,USART234578Freq_Value,USBFreq_Value,VCO1OutputFreq_Value,VCO2OutputFreq_Value,VCO3OutputFreq_Value,VCOInput1Freq_Value,VCOInput2Freq_Value,VCOInput3Freq_Value
RCC.LPTIM1Freq_Value=120000000
RCC.LPTIM2Freq_Value=120000000
RCC.LPTIM345Freq_Value=120000000
RCC.LPUART1Freq_Value=120000000
RCC.LTDCFreq_Value=8192016.6015625
RCC.MCO1PinFreq_Value=64000000
RCC.MCO2PinFreq_Value=480000000
RCC.PLL2FRACN=0
RCC.PLL3FRACN=1246
RCC.PLLFRACN=0
RCC.QSPICLockSelection=RCC_QSPICLKSOURCE_PLL2
RCC.QSPIFreq_Value=200000000
RCC.RNGFreq_Value=48000000
RCC.RTCFreq_Value=32000
RCC.SAI1CLockSelection=RCC_SAI1CLKSOURCE_PLL3
RCC.SAI1Freq_Value=12288024.90234375
RCC.SAI23Freq_Value=64000000
RCC.SAI4AFreq_Value=64000000
RCC.SAI4BFreq_Value=64000000
RCC.SDMMCFreq_Value=64000000
RCC.SPDIFRXFreq_Value=64000000
RCC.SPI123Freq_Value=64000000
RCC.SPI45Freq_Value=120000000
RCC.SPI6Freq_Value=120000000
RCC.SWPMI1Freq_Value=120000000
RCC.SYSCLKFreq_VALUE=480000000
RCC.SYSCLKSource=RCC_SYSCLKSOURCE_PLLCLK
RCC.Tim1OutputFreq_Value=240000000
RCC.Tim2OutputFreq_Value=240000000
RCC.TraceFreq_Value=480000000
RCC.USART16Freq_Value=120000000
RCC.USART234578Freq_Value=120000000
RCC.USBFreq_Value=64000000
RCC.VCO1OutputFreq_Value=960000000
RCC.VCO2OutputFreq_Value=200000000
RCC.VCO3OutputFreq_Value=245760498.046875
RCC.VCOInput1Freq_Value=5000000
RCC.VCOInput2Freq_Value=12500000
RCC.VCOInput3Freq_Value=5000000
SAI1.AudioFrequency-SAI_A_MasterWithClock=SAI_AUDIO_FREQUENCY_48K
SAI1.BasicDataSize-SAI_A_MasterWithClock=SAI_PROTOCOL_DATASIZE_24BIT
SAI1.BasicDataSize-SAI_B_SyncSlave=SAI_PROTOCOL_DATASIZE_24BIT
SAI1.ErrorAudioFreq-SAI_A_MasterWithClock=0.0 %
SAI1.FIFOThreshold-SAI_A_MasterWithClock=SAI_FIFOTHRESHOLD_EMPTY
SAI1.FIFOThreshold-SAI_B_SyncSlave=SAI_FIFOTHRESHOLD_EMPTY
SAI1.IPParameters=Instance-SAI_A_MasterWithClock,VirtualMode-SAI_A_MasterWithClock,MClockEnable-SAI_A_MasterWithClock,RealAudioFreq-SAI_A_MasterWithClock,ErrorAudioFreq-SAI_A_MasterWithClock,InitProtocol-SAI_A_MasterWithClock,VirtualProtocol-SAI_A_BASIC,Instance-SAI_B_SyncSlave,VirtualMode-SAI_B_SyncSlave,BasicDataSize-SAI_A_MasterWithClock,NoDivider-SAI_A_MasterWithClock,AudioFrequency-SAI_A_MasterWithClock,OutputDrive-SAI_A_MasterWithClock,FIFOThreshold-SAI_A_MasterWithClock,FIFOThreshold-SAI_B_SyncSlave,InitProtocol-SAI_B_SyncSlave,VirtualProtocol-SAI_B_BASIC,BasicDataSize-SAI_B_SyncSlave
SAI1.InitProtocol-SAI_A_MasterWithClock=Enable
SAI1.InitProtocol-SAI_B_SyncSlave=Enable
SAI1.Instance-SAI_A_MasterWithClock=SAI$Index_Block_A
SAI1.Instance-SAI_B_SyncSlave=SAI$Index_Block_B
SAI1.MClockEnable-SAI_A_MasterWithClock=SAI_MASTERCLOCK_ENABLE
SAI1.NoDivider-SAI_A_MasterWithClock=SAI_MCK_OVERSAMPLING_DISABLE
SAI1.OutputDrive-SAI_A_MasterWithClock=SAI_OUTPUTDRIVE_DISABLE
SAI1.RealAudioFreq-SAI_A_MasterWithClock=48.0 KHz
SAI1.VirtualMode-SAI_A_MasterWithClock=VM_MASTER
SAI1.VirtualMode-SAI_B_SyncSlave=VM_SLAVE
SAI1.VirtualProtocol-SAI_A_BASIC=VM_BASIC_PROTOCOL
SAI1.VirtualProtocol-SAI_B_BASIC=VM_BASIC_PROTOCOL
SH.FMC_A0.0=FMC_A0,13b-sda1
SH.FMC_A0.ConfNb=1
SH.FMC_A1.0=FMC_A1,13b-sda1
SH.FMC_A1.ConfNb=1
SH.FMC_A10.0=FMC_A10,13b-sda1
SH.FMC_A10.ConfNb=1
SH.FMC_A11.0=FMC_A11,13b-sda1
SH.FMC_A11.ConfNb=1
SH.FMC_A12.0=FMC_A12,13b-sda1
SH.FMC_A12.ConfNb=1
SH.FMC_A14_BA0.0=FMC_BA0,FourSdramBanks1
SH.FMC_A14_BA0.ConfNb=1
SH.FMC_A15_BA1.0=FMC_BA1,FourSdramBanks1
SH.FMC_A15_BA1.ConfNb=1
SH.FMC_A2.0=FMC_A2,13b-sda1
SH.FMC_A2.ConfNb=1
SH.FMC_A3.0=FMC_A3,13b-sda1
SH.FMC_A3.ConfNb=1
SH.FMC_A4.0=FMC_A4,13b-sda1
SH.FMC_A4.ConfNb=1
SH.FMC_A5.0=FMC_A5,13b-sda1
SH.FMC_A5.ConfNb=1
SH.FMC_A6.0=FMC_A6,13b-sda1
SH.FMC_A6.ConfNb=1
SH.FMC_A7.0=FMC_A7,13b-sda1
SH.FMC_A7.ConfNb=1
SH.FMC_A8.0=FMC_A8,13b-sda1
SH.FMC_A8.ConfNb=1
SH.FMC_A9.0=FMC_A9,13b-sda1
SH.FMC_A9.ConfNb=1
SH.FMC_D0_DA0.0=FMC_D0,sd-16b-d1
SH.FMC_D0_DA0.ConfNb=1
SH.FMC_D10_DA10.0=FMC_D10,sd-16b-d1
SH.FMC_D10_DA10.ConfNb=1
SH.FMC_D11_DA11.0=FMC_D11,sd-16b-d1
SH.FMC_D11_DA11.ConfNb=1
SH.FMC_D12_DA12.0=FMC_D12,sd-16b-d1
SH.FMC_D12_DA12.ConfNb=1
SH.FMC_D13_DA13.0=FMC_D13,sd-16b-d1
SH.FMC_D13_DA13.ConfNb=1
SH.FMC_D14_DA14.0=FMC_D14,sd-16b-d1
SH.FMC_D14_DA14.ConfNb=1
SH.FMC_D15_DA15.0=FMC_D15,sd-16b-d1
SH.FMC_D15_DA15.ConfNb=1
SH.FMC_D1_DA1.0=FMC_D1,sd-16b-d1
SH.FMC_D1_DA1.ConfNb=1
SH.FMC_D2_DA2.0=FMC_D2,sd-16b-d1
SH.FMC_D2_DA2.ConfNb=1
SH.FMC_D3_DA3.0=FMC_D3,sd-16b-d1
SH.FMC_D3_DA3.ConfNb=1
SH.FMC_D4_DA4.0=FMC_D4,sd-16b-d1
SH.FMC_D4_DA4.ConfNb=1
SH.FMC_D5_DA5.0=FMC_D5,sd-16b-d1
SH.FMC_D5_DA5.ConfNb=1
SH.FMC_D6_DA6.0=FMC_D6,sd-16b-d1
SH.FMC_D6_DA6.ConfNb=1
SH.FMC_D7_DA7.0=FMC_D7,sd-16b-d1
SH.FMC_D7_DA7.ConfNb=1
SH.FMC_D8_DA8.0=FMC_D8,sd-16b-d1
SH.FMC_D8_DA8.ConfNb=1
SH.FMC_D9_DA9.0=FMC_D9,sd-16b-d1
SH.FMC_D9_DA9.ConfNb=1
SH.FMC_NBL0.0=FMC_NBL0,Sd2ByteEnable1
SH.FMC_NBL0.ConfNb=1
SH.FMC_NBL1.0=FMC_NBL1,Sd2ByteEnable1
SH.FMC_NBL1.ConfNb=1
SH.FMC_SDCLK.0=FMC_SDCLK,13b-sda1
SH.FMC_SDCLK.ConfNb=1
SH.FMC_SDNCAS.0=FMC_SDNCAS,13b-sda1
SH.FMC_SDNCAS.ConfNb=1
SH.FMC_SDNRAS.0=FMC_SDNRAS,13b-sda1
SH.FMC_SDNRAS.ConfNb=1
SH.FMC_SDNWE.0=FMC_SDNWE,13b-sda1
SH.FMC_SDNWE.ConfNb=1
USB_DEVICE.CLASS_NAME_HS=MSC
USB_DEVICE.IPParameters=VirtualModeHS,CLASS_NAME_HS,VirtualMode-MSC_HS
USB_DEVICE.VirtualMode-MSC_HS=Msc
USB_DEVICE.VirtualModeHS=Msc_HS
USB_OTG_HS.IPParameters=VirtualMode-Device_HS,dma_enable-Device_HS
USB_OTG_HS.VirtualMode-Device_HS=Device_HS
USB_OTG_HS.dma_enable-Device_HS=ENABLE
VP_MEMORYMAP_VS_MEMORYMAP.Mode=CurAppReg
VP_MEMORYMAP_VS_MEMORYMAP.Signal=MEMORYMAP_VS_MEMORYMAP
VP_SAI1_VP_$IpInstance_SAIA_SAI_BASIC.Mode=SAI_A_BASIC
VP_SAI1_VP_$IpInstance_SAIA_SAI_BASIC.Signal=SAI1_VP_$IpInstance_SAIA_SAI_BASIC
VP_SAI1_VP_$IpInstance_SAIB_SAI_BASIC.Mode=SAI_B_BASIC
VP_SAI1_VP_$IpInstance_SAIB_SAI_BASIC.Signal=SAI1_VP_$IpInstance_SAIB_SAI_BASIC
VP_SYS_VS_Systick.Mode=SysTick
VP_SYS_VS_Systick.Signal=SYS_VS_Systick
VP_USB_DEVICE_VS_USB_DEVICE_MSC_HS.Mode=MSC_HS
VP_USB_DEVICE_VS_USB_DEVICE_MSC_HS.Signal=USB_DEVICE_VS_USB_DEVICE_MSC_HS
board=custom
